
Microsoft Visual Studio Solution File, Format Version 12.00
# Visual Studio 15
VisualStudioVersion = 15.0.28307.168
MinimumVisualStudioVersion = 10.0.40219.1
Project("{9A19103F-16F7-4668-BE54-9A1E7A4F7556}") = "PlatformMMS", "PlatformMMS\PlatformMMS.csproj", "{3D68A422-A8AF-4DB8-978C-45E139CF88CB}"
EndProject
Project("{FAE04EC0-301F-11D3-BF4B-00C04F79EFBC}") = "MMSWebjob", "MMSWebjob\MMSWebjob.csproj", "{4E74B28F-231C-408D-AEAE-4BEAC1F3B3F8}"
EndProject
Project("{9A19103F-16F7-4668-BE54-9A1E7A4F7556}") = "MMSLibraryStandard", "QueueLibraryStandard\MMSLibraryStandard.csproj", "{CF0DE34D-6DCB-45BD-97A9-60A444609F98}"
EndProject
Project("{151D2E53-A2C4-4D7D-83FE-D05416EBD58E}") = "MMSDeploy", "MMSDeploy\MMSDeploy.deployproj", "{051DF3F1-EC63-48F7-A731-22CA19353EE8}"
EndProject
Global
	GlobalSection(SolutionConfigurationPlatforms) = preSolution
		Debug|Any CPU = Debug|Any CPU
		Release|Any CPU = Release|Any CPU
	EndGlobalSection
	GlobalSection(ProjectConfigurationPlatforms) = postSolution
		{3D68A422-A8AF-4DB8-978C-45E139CF88CB}.Debug|Any CPU.ActiveCfg = Debug|Any CPU
		{3D68A422-A8AF-4DB8-978C-45E139CF88CB}.Debug|Any CPU.Build.0 = Debug|Any CPU
		{3D68A422-A8AF-4DB8-978C-45E139CF88CB}.Release|Any CPU.ActiveCfg = Release|Any CPU
		{3D68A422-A8AF-4DB8-978C-45E139CF88CB}.Release|Any CPU.Build.0 = Release|Any CPU
		{4E74B28F-231C-408D-AEAE-4BEAC1F3B3F8}.Debug|Any CPU.ActiveCfg = Debug|Any CPU
		{4E74B28F-231C-408D-AEAE-4BEAC1F3B3F8}.Debug|Any CPU.Build.0 = Debug|Any CPU
		{4E74B28F-231C-408D-AEAE-4BEAC1F3B3F8}.Release|Any CPU.ActiveCfg = Release|Any CPU
		{4E74B28F-231C-408D-AEAE-4BEAC1F3B3F8}.Release|Any CPU.Build.0 = Release|Any CPU
		{CF0DE34D-6DCB-45BD-97A9-60A444609F98}.Debug|Any CPU.ActiveCfg = Debug|Any CPU
		{CF0DE34D-6DCB-45BD-97A9-60A444609F98}.Debug|Any CPU.Build.0 = Debug|Any CPU
		{CF0DE34D-6DCB-45BD-97A9-60A444609F98}.Release|Any CPU.ActiveCfg = Release|Any CPU
		{CF0DE34D-6DCB-45BD-97A9-60A444609F98}.Release|Any CPU.Build.0 = Release|Any CPU
		{051DF3F1-EC63-48F7-A731-22CA19353EE8}.Debug|Any CPU.ActiveCfg = Debug|Any CPU
		{051DF3F1-EC63-48F7-A731-22CA19353EE8}.Debug|Any CPU.Build.0 = Debug|Any CPU
		{051DF3F1-EC63-48F7-A731-22CA19353EE8}.Release|Any CPU.ActiveCfg = Release|Any CPU
		{051DF3F1-EC63-48F7-A731-22CA19353EE8}.Release|Any CPU.Build.0 = Release|Any CPU
	EndGlobalSection
	GlobalSection(SolutionProperties) = preSolution
		HideSolutionNode = FALSE
	EndGlobalSection
	GlobalSection(ExtensibilityGlobals) = postSolution
		SolutionGuid = {3F8E8C09-AEB3-4206-9029-50F8554A9B4E}
	EndGlobalSection
EndGlobal
